
Microsoft Visual Studio Solution File, Format Version 12.00
# Visual Studio 14
VisualStudioVersion = 14.0.25420.1
MinimumVisualStudioVersion = 10.0.40219.1
Project("{FAE04EC0-301F-11D3-BF4B-00C04F79EFBC}") = "Calculator.ClientApp", "Calculator\Calculator.ClientApp.csproj", "{9F334A8F-89E4-4F58-8B63-A9452A4E639A}"
EndProject
Project("{FAE04EC0-301F-11D3-BF4B-00C04F79EFBC}") = "Calculator.Api", "Calculator.Api\Calculator.Api.csproj", "{D0E98DA3-4206-45B8-8AD0-5122E95181F3}"
EndProject
Project("{FAE04EC0-301F-11D3-BF4B-00C04F79EFBC}") = "Calculator.Api.Tests", "Calculator.Api.Tests\Calculator.Api.Tests.csproj", "{3F4A3C5B-DAAE-461C-A212-BEEABAD3C34F}"
EndProject
Project("{FAE04EC0-301F-11D3-BF4B-00C04F79EFBC}") = "Calculator.Service", "Calculator.Service\Calculator.Service.csproj", "{56A1F2B7-52A1-4498-8D0C-C745F0A93176}"
EndProject
Global
	GlobalSection(SolutionConfigurationPlatforms) = preSolution
		Debug|Any CPU = Debug|Any CPU
		Release|Any CPU = Release|Any CPU
	EndGlobalSection
	GlobalSection(ProjectConfigurationPlatforms) = postSolution
		{9F334A8F-89E4-4F58-8B63-A9452A4E639A}.Debug|Any CPU.ActiveCfg = Debug|Any CPU
		{9F334A8F-89E4-4F58-8B63-A9452A4E639A}.Debug|Any CPU.Build.0 = Debug|Any CPU
		{9F334A8F-89E4-4F58-8B63-A9452A4E639A}.Release|Any CPU.ActiveCfg = Release|Any CPU
		{9F334A8F-89E4-4F58-8B63-A9452A4E639A}.Release|Any CPU.Build.0 = Release|Any CPU
		{D0E98DA3-4206-45B8-8AD0-5122E95181F3}.Debug|Any CPU.ActiveCfg = Debug|Any CPU
		{D0E98DA3-4206-45B8-8AD0-5122E95181F3}.Debug|Any CPU.Build.0 = Debug|Any CPU
		{D0E98DA3-4206-45B8-8AD0-5122E95181F3}.Release|Any CPU.ActiveCfg = Release|Any CPU
		{D0E98DA3-4206-45B8-8AD0-5122E95181F3}.Release|Any CPU.Build.0 = Release|Any CPU
		{3F4A3C5B-DAAE-461C-A212-BEEABAD3C34F}.Debug|Any CPU.ActiveCfg = Debug|Any CPU
		{3F4A3C5B-DAAE-461C-A212-BEEABAD3C34F}.Debug|Any CPU.Build.0 = Debug|Any CPU
		{3F4A3C5B-DAAE-461C-A212-BEEABAD3C34F}.Release|Any CPU.ActiveCfg = Release|Any CPU
		{3F4A3C5B-DAAE-461C-A212-BEEABAD3C34F}.Release|Any CPU.Build.0 = Release|Any CPU
		{56A1F2B7-52A1-4498-8D0C-C745F0A93176}.Debug|Any CPU.ActiveCfg = Debug|Any CPU
		{56A1F2B7-52A1-4498-8D0C-C745F0A93176}.Debug|Any CPU.Build.0 = Debug|Any CPU
		{56A1F2B7-52A1-4498-8D0C-C745F0A93176}.Release|Any CPU.ActiveCfg = Release|Any CPU
		{56A1F2B7-52A1-4498-8D0C-C745F0A93176}.Release|Any CPU.Build.0 = Release|Any CPU
	EndGlobalSection
	GlobalSection(SolutionProperties) = preSolution
		HideSolutionNode = FALSE
	EndGlobalSection
EndGlobal
